
Microsoft Visual Studio Solution File, Format Version 12.00
# Visual Studio Version 16
VisualStudioVersion = 16.0.33529.622
MinimumVisualStudioVersion = 10.0.40219.1
Project("{888888A0-9F3D-457C-B088-3A5042F75D52}") = "final_test1", "final_test1\final_test1.pyproj", "{762A2305-E249-4DFC-B6B1-659F113DAE44}"
EndProject
Global
	GlobalSection(SolutionConfigurationPlatforms) = preSolution
		Debug|Any CPU = Debug|Any CPU
		Release|Any CPU = Release|Any CPU
	EndGlobalSection
	GlobalSection(ProjectConfigurationPlatforms) = postSolution
		{762A2305-E249-4DFC-B6B1-659F113DAE44}.Debug|Any CPU.ActiveCfg = Debug|Any CPU
		{762A2305-E249-4DFC-B6B1-659F113DAE44}.Release|Any CPU.ActiveCfg = Release|Any CPU
	EndGlobalSection
	GlobalSection(SolutionProperties) = preSolution
		HideSolutionNode = FALSE
	EndGlobalSection
	GlobalSection(ExtensibilityGlobals) = postSolution
		SolutionGuid = {508BD1E0-6ABA-430E-9589-5245BF6D6884}
	EndGlobalSection
EndGlobal
